// !$*UTF8*$!
{
	archiveVersion = 1;
	classes = {
	};
	objectVersion = 48;
	objects = {

/* Begin PBXBuildFile section */
		FBD0C55A2007DDBA0012E6DD /* AppDelegate.swift in Sources */ = {isa = PBXBuildFile; fileRef = FBD0C5592007DDBA0012E6DD /* AppDelegate.swift */; };
		FBD0C55C2007DDBA0012E6DD /* ViewController.swift in Sources */ = {isa = PBXBuildFile; fileRef = FBD0C55B2007DDBA0012E6DD /* ViewController.swift */; };
		FBD0C55F2007DDBA0012E6DD /* Main.storyboard in Resources */ = {isa = PBXBuildFile; fileRef = FBD0C55D2007DDBA0012E6DD /* Main.storyboard */; };
		FBD0C5612007DDBA0012E6DD /* Assets.xcassets in Resources */ = {isa = PBXBuildFile; fileRef = FBD0C5602007DDBA0012E6DD /* Assets.xcassets */; };
		FBD0C5642007DDBA0012E6DD /* LaunchScreen.storyboard in Resources */ = {isa = PBXBuildFile; fileRef = FBD0C5622007DDBA0012E6DD /* LaunchScreen.storyboard */; };
/* End PBXBuildFile section */

/* Begin PBXFileReference section */
		FBD0C5562007DDBA0012E6DD /* divisas.app */ = {isa = PBXFileReference; explicitFileType = wrapper.application; includeInIndex = 0; path = divisas.app; sourceTree = BUILT_PRODUCTS_DIR; };
		FBD0C5592007DDBA0012E6DD /* AppDelegate.swift */ = {isa = PBXFileReference; lastKnownFileType = sourcecode.swift; path = AppDelegate.swift; sourceTree = "<group>"; };
		FBD0C55B2007DDBA0012E6DD /* ViewController.swift */ = {isa = PBXFileReference; lastKnownFileType = sourcecode.swift; path = ViewController.swift; sourceTree = "<group>"; };
		FBD0C55E2007DDBA0012E6DD /* Base */ = {isa = PBXFileReference; lastKnownFileType = file.storyboard; name = Base; path = Base.lproj/Main.storyboard; sourceTree = "<group>"; };
		FBD0C5602007DDBA0012E6DD /* Assets.xcassets */ = {isa = PBXFileReference; lastKnownFileType = folder.assetcatalog; path = Assets.xcassets; sourceTree = "<group>"; };
		FBD0C5632007DDBA0012E6DD /* Base */ = {isa = PBXFileReference; lastKnownFileType = file.storyboard; name = Base; path = Base.lproj/LaunchScreen.storyboard; sourceTree = "<group>"; };
		FBD0C5652007DDBA0012E6DD /* Info.plist */ = {isa = PBXFileReference; lastKnownFileType = text.plist.xml; path = Info.plist; sourceTree = "<group>"; };
/* End PBXFileReference section */

/* Begin PBXFrameworksBuildPhase section */
		FBD0C5532007DDBA0012E6DD /* Frameworks */ = {
			isa = PBXFrameworksBuildPhase;
			buildActionMask = 2147483647;
			files = (
			);
			runOnlyForDeploymentPostprocessing = 0;
		};
/* End PBXFrameworksBuildPhase section */

/* Begin PBXGroup section */
		FBD0C54D2007DDBA0012E6DD = {
			isa = PBXGroup;
			children = (
				FBD0C5582007DDBA0012E6DD /* divisas */,
				FBD0C5572007DDBA0012E6DD /* Products */,
			);
			sourceTree = "<group>";
		};
		FBD0C5572007DDBA0012E6DD /* Products */ = {
			isa = PBXGroup;
			children = (
				FBD0C5562007DDBA0012E6DD /* divisas.app */,
			);
			name = Products;
			sourceTree = "<group>";
		};
		FBD0C5582007DDBA0012E6DD /* divisas */ = {
			isa = PBXGroup;
			children = (
				FBD0C5592007DDBA0012E6DD /* AppDelegate.swift */,
				FBD0C55B2007DDBA0012E6DD /* ViewController.swift */,
				FBD0C55D2007DDBA0012E6DD /* Main.storyboard */,
				FBD0C5602007DDBA0012E6DD /* Assets.xcassets */,
				FBD0C5622007DDBA0012E6DD /* LaunchScreen.storyboard */,
				FBD0C5652007DDBA0012E6DD /* Info.plist */,
			);
			path = divisas;
			sourceTree = "<group>";
		};
/* End PBXGroup section */

/* Begin PBXNativeTarget section */
		FBD0C5552007DDBA0012E6DD /* divisas */ = {
			isa = PBXNativeTarget;
			buildConfigurationList = FBD0C5682007DDBA0012E6DD /* Build configuration list for PBXNativeTarget "divisas" */;
			buildPhases = (
				FBD0C5522007DDBA0012E6DD /* Sources */,
				FBD0C5532007DDBA0012E6DD /* Frameworks */,
				FBD0C5542007DDBA0012E6DD /* Resources */,
			);
			buildRules = (
			);
			dependencies = (
			);
			name = divisas;
			productName = divisas;
			productReference = FBD0C5562007DDBA0012E6DD /* divisas.app */;
			productType = "com.apple.product-type.application";
		};
/* End PBXNativeTarget section */

/* Begin PBXProject section */
		FBD0C54E2007DDBA0012E6DD /* Project object */ = {
			isa = PBXProject;
			attributes = {
				LastSwiftUpdateCheck = 0920;
				LastUpgradeCheck = 0920;
				ORGANIZATIONNAME = Tec;
				TargetAttributes = {
					FBD0C5552007DDBA0012E6DD = {
						CreatedOnToolsVersion = 9.2;
						ProvisioningStyle = Automatic;
					};
				};
			};
			buildConfigurationList = FBD0C5512007DDBA0012E6DD /* Build configuration list for PBXProject "divisas" */;
			compatibilityVersion = "Xcode 8.0";
			developmentRegion = en;
			hasScannedForEncodings = 0;
			knownRegions = (
				en,
				Base,
			);
			mainGroup = FBD0C54D2007DDBA0012E6DD;
			productRefGroup = FBD0C5572007DDBA0012E6DD /* Products */;
			projectDirPath = "";
			projectRoot = "";
			targets = (
				FBD0C5552007DDBA0012E6DD /* divisas */,
			);
		};
/* End PBXProject section */

/* Begin PBXResourcesBuildPhase section */
		FBD0C5542007DDBA0012E6DD /* Resources */ = {
			isa = PBXResourcesBuildPhase;
			buildActionMask = 2147483647;
			files = (
				FBD0C5642007DDBA0012E6DD /* LaunchScreen.storyboard in Resources */,
				FBD0C5612007DDBA0012E6DD /* Assets.xcassets in Resources */,
				FBD0C55F2007DDBA0012E6DD /* Main.storyboard in Resources */,
			);
			runOnlyForDeploymentPostprocessing = 0;
		};
/* End PBXResourcesBuildPhase section */

/* Begin PBXSourcesBuildPhase section */
		FBD0C5522007DDBA0012E6DD /* Sources */ = {
			isa = PBXSourcesBuildPhase;
			buildActionMask = 2147483647;
			files = (
				FBD0C55C2007DDBA0012E6DD /* ViewController.swift in Sources */,
				FBD0C55A2007DDBA0012E6DD /* AppDelegate.swift in Sources */,
			);
			runOnlyForDeploymentPostprocessing = 0;
		};
/* End PBXSourcesBuildPhase section */

/* Begin PBXVariantGroup section */
		FBD0C55D2007DDBA0012E6DD /* Main.storyboard */ = {
			isa = PBXVariantGroup;
			children = (
				FBD0C55E2007DDBA0012E6DD /* Base */,
			);
			name = Main.storyboard;
			sourceTree = "<group>";
		};
		FBD0C5622007DDBA0012E6DD /* LaunchScreen.storyboard */ = {
			isa = PBXVariantGroup;
			children = (
				FBD0C5632007DDBA0012E6DD /* Base */,
			);
			name = LaunchScreen.storyboard;
			sourceTree = "<group>";
		};
/* End PBXVariantGroup section */

/* Begin XCBuildConfiguration section */
		FBD0C5662007DDBA0012E6DD /* Debug */ = {
			isa = XCBuildConfiguration;
			buildSettings = {
				ALWAYS_SEARCH_USER_PATHS = NO;
				CLANG_ANALYZER_NONNULL = YES;
				CLANG_ANALYZER_NUMBER_OBJECT_CONVERSION = YES_AGGRESSIVE;
				CLANG_CXX_LANGUAGE_STANDARD = "gnu++14";
				CLANG_CXX_LIBRARY = "libc++";
				CLANG_ENABLE_MODULES = YES;
				CLANG_ENABLE_OBJC_ARC = YES;
				CLANG_WARN_BLOCK_CAPTURE_AUTORELEASING = YES;
				CLANG_WARN_BOOL_CONVERSION = YES;
				CLANG_WARN_COMMA = YES;
				CLANG_WARN_CONSTANT_CONVERSION = YES;
				CLANG_WARN_DIRECT_OBJC_ISA_USAGE = YES_ERROR;
				CLANG_WARN_DOCUMENTATION_COMMENTS = YES;
				CLANG_WARN_EMPTY_BODY = YES;
				CLANG_WARN_ENUM_CONVERSION = YES;
				CLANG_WARN_INFINITE_RECURSION = YES;
				CLANG_WARN_INT_CONVERSION = YES;
				CLANG_WARN_NON_LITERAL_NULL_CONVERSION = YES;
				CLANG_WARN_OBJC_LITERAL_CONVERSION = YES;
				CLANG_WARN_OBJC_ROOT_CLASS = YES_ERROR;
				CLANG_WARN_RANGE_LOOP_ANALYSIS = YES;
				CLANG_WARN_STRICT_PROTOTYPES = YES;
				CLANG_WARN_SUSPICIOUS_MOVE = YES;
				CLANG_WARN_UNGUARDED_AVAILABILITY = YES_AGGRESSIVE;
				CLANG_WARN_UNREACHABLE_CODE = YES;
				CLANG_WARN__DUPLICATE_METHOD_MATCH = YES;
				CODE_SIGN_IDENTITY = "iPhone Developer";
				COPY_PHASE_STRIP = NO;
				DEBUG_INFORMATION_FORMAT = dwarf;
				ENABLE_STRICT_OBJC_MSGSEND = YES;
				ENABLE_TESTABILITY = YES;
				GCC_C_LANGUAGE_STANDARD = gnu11;
				GCC_DYNAMIC_NO_PIC = NO;
				GCC_NO_COMMON_BLOCKS = YES;
				GCC_OPTIMIZATION_LEVEL = 0;
				GCC_PREPROCESSOR_DEFINITIONS = (
					"DEBUG=1",
					"$(inherited)",
				);
				GCC_WARN_64_TO_32_BIT_CONVERSION = YES;
				GCC_WARN_ABOUT_RETURN_TYPE = YES_ERROR;
				GCC_WARN_UNDECLARED_SELECTOR = YES;
				GCC_WARN_UNINITIALIZED_AUTOS = YES_AGGRESSIVE;
				GCC_WARN_UNUSED_FUNCTION = YES;
				GCC_WARN_UNUSED_VARIABLE = YES;
				IPHONEOS_DEPLOYMENT_TARGET = 11.2;
				MTL_ENABLE_DEBUG_INFO = YES;
				ONLY_ACTIVE_ARCH = YES;
				SDKROOT = iphoneos;
				SWIFT_ACTIVE_COMPILATION_CONDITIONS = DEBUG;
				SWIFT_OPTIMIZATION_LEVEL = "-Onone";
			};
			name = Debug;
		};
		FBD0C5672007DDBA0012E6DD /* Release */ = {
			isa = XCBuildConfiguration;
			buildSettings = {
				ALWAYS_SEARCH_USER_PATHS = NO;
				CLANG_ANALYZER_NONNULL = YES;
				CLANG_ANALYZER_NUMBER_OBJECT_CONVERSION = YES_AGGRESSIVE;
				CLANG_CXX_LANGUAGE_STANDARD = "gnu++14";
				CLANG_CXX_LIBRARY = "libc++";
				CLANG_ENABLE_MODULES = YES;
				CLANG_ENABLE_OBJC_ARC = YES;
				CLANG_WARN_BLOCK_CAPTURE_AUTORELEASING = YES;
				CLANG_WARN_BOOL_CONVERSION = YES;
				CLANG_WARN_COMMA = YES;
				CLANG_WARN_CONSTANT_CONVERSION = YES;
				CLANG_WARN_DIRECT_OBJC_ISA_USAGE = YES_ERROR;
				CLANG_WARN_DOCUMENTATION_COMMENTS = YES;
				CLANG_WARN_EMPTY_BODY = YES;
				CLANG_WARN_ENUM_CONVERSION = YES;
				CLANG_WARN_INFINITE_RECURSION = YES;
				CLANG_WARN_INT_CONVERSION = YES;
				CLANG_WARN_NON_LITERAL_NULL_CONVERSION = YES;
				CLANG_WARN_OBJC_LITERAL_CONVERSION = YES;
				CLANG_WARN_OBJC_ROOT_CLASS = YES_ERROR;
				CLANG_WARN_RANGE_LOOP_ANALYSIS = YES;
				CLANG_WARN_STRICT_PROTOTYPES = YES;
				CLANG_WARN_SUSPICIOUS_MOVE = YES;
				CLANG_WARN_UNGUARDED_AVAILABILITY = YES_AGGRESSIVE;
				CLANG_WARN_UNREACHABLE_CODE = YES;
				CLANG_WARN__DUPLICATE_METHOD_MATCH = YES;
				CODE_SIGN_IDENTITY = "iPhone Developer";
				COPY_PHASE_STRIP = NO;
				DEBUG_INFORMATION_FORMAT = "dwarf-with-dsym";
				ENABLE_NS_ASSERTIONS = NO;
				ENABLE_STRICT_OBJC_MSGSEND = YES;
				GCC_C_LANGUAGE_STANDARD = gnu11;
				GCC_NO_COMMON_BLOCKS = YES;
				GCC_WARN_64_TO_32_BIT_CONVERSION = YES;
				GCC_WARN_ABOUT_RETURN_TYPE = YES_ERROR;
				GCC_WARN_UNDECLARED_SELECTOR = YES;
				GCC_WARN_UNINITIALIZED_AUTOS = YES_AGGRESSIVE;
				GCC_WARN_UNUSED_FUNCTION = YES;
				GCC_WARN_UNUSED_VARIABLE = YES;
				IPHONEOS_DEPLOYMENT_TARGET = 11.2;
				MTL_ENABLE_DEBUG_INFO = NO;
				SDKROOT = iphoneos;
				SWIFT_OPTIMIZATION_LEVEL = "-Owholemodule";
				VALIDATE_PRODUCT = YES;
			};
			name = Release;
		};
		FBD0C5692007DDBA0012E6DD /* Debug */ = {
			isa = XCBuildConfiguration;
			buildSettings = {
				ASSETCATALOG_COMPILER_APPICON_NAME = AppIcon;
				CODE_SIGN_STYLE = Automatic;
				INFOPLIST_FILE = divisas/Info.plist;
				LD_RUNPATH_SEARCH_PATHS = "$(inherited) @executable_path/Frameworks";
				PRODUCT_BUNDLE_IDENTIFIER = mx.itesm.divisas;
				PRODUCT_NAME = "$(TARGET_NAME)";
				SWIFT_VERSION = 4.0;
				TARGETED_DEVICE_FAMILY = "1,2";
			};
			name = Debug;
		};
		FBD0C56A2007DDBA0012E6DD /* Release */ = {
			isa = XCBuildConfiguration;
			buildSettings = {
				ASSETCATALOG_COMPILER_APPICON_NAME = AppIcon;
				CODE_SIGN_STYLE = Automatic;
				INFOPLIST_FILE = divisas/Info.plist;
				LD_RUNPATH_SEARCH_PATHS = "$(inherited) @executable_path/Frameworks";
				PRODUCT_BUNDLE_IDENTIFIER = mx.itesm.divisas;
				PRODUCT_NAME = "$(TARGET_NAME)";
				SWIFT_VERSION = 4.0;
				TARGETED_DEVICE_FAMILY = "1,2";
			};
			name = Release;
		};
/* End XCBuildConfiguration section */

/* Begin XCConfigurationList section */
		FBD0C5512007DDBA0012E6DD /* Build configuration list for PBXProject "divisas" */ = {
			isa = XCConfigurationList;
			buildConfigurations = (
				FBD0C5662007DDBA0012E6DD /* Debug */,
				FBD0C5672007DDBA0012E6DD /* Release */,
			);
			defaultConfigurationIsVisible = 0;
			defaultConfigurationName = Release;
		};
		FBD0C5682007DDBA0012E6DD /* Build configuration list for PBXNativeTarget "divisas" */ = {
			isa = XCConfigurationList;
			buildConfigurations = (
				FBD0C5692007DDBA0012E6DD /* Debug */,
				FBD0C56A2007DDBA0012E6DD /* Release */,
			);
			defaultConfigurationIsVisible = 0;
			defaultConfigurationName = Release;
		};
/* End XCConfigurationList section */
	};
	rootObject = FBD0C54E2007DDBA0012E6DD /* Project object */;
}
