// !$*UTF8*$!
{
	archiveVersion = 1;
	classes = {
	};
	objectVersion = 48;
	objects = {

/* Begin PBXBuildFile section */
		FB433272201F98C600FAD4B0 /* AppDelegate.swift in Sources */ = {isa = PBXBuildFile; fileRef = FB433271201F98C600FAD4B0 /* AppDelegate.swift */; };
		FB433274201F98C600FAD4B0 /* ViewController.swift in Sources */ = {isa = PBXBuildFile; fileRef = FB433273201F98C600FAD4B0 /* ViewController.swift */; };
		FB433277201F98C600FAD4B0 /* Main.storyboard in Resources */ = {isa = PBXBuildFile; fileRef = FB433275201F98C600FAD4B0 /* Main.storyboard */; };
		FB433279201F98C600FAD4B0 /* Assets.xcassets in Resources */ = {isa = PBXBuildFile; fileRef = FB433278201F98C600FAD4B0 /* Assets.xcassets */; };
		FB43327C201F98C600FAD4B0 /* LaunchScreen.storyboard in Resources */ = {isa = PBXBuildFile; fileRef = FB43327A201F98C600FAD4B0 /* LaunchScreen.storyboard */; };
		FB433284201F9C4000FAD4B0 /* ViewControllerEsfera.swift in Sources */ = {isa = PBXBuildFile; fileRef = FB433283201F9C4000FAD4B0 /* ViewControllerEsfera.swift */; };
		FB433286201F9C4C00FAD4B0 /* ViewControllerPrisma.swift in Sources */ = {isa = PBXBuildFile; fileRef = FB433285201F9C4C00FAD4B0 /* ViewControllerPrisma.swift */; };
/* End PBXBuildFile section */

/* Begin PBXFileReference section */
		FB43326E201F98C600FAD4B0 /* CuerposGeométricos.app */ = {isa = PBXFileReference; explicitFileType = wrapper.application; includeInIndex = 0; path = "CuerposGeométricos.app"; sourceTree = BUILT_PRODUCTS_DIR; };
		FB433271201F98C600FAD4B0 /* AppDelegate.swift */ = {isa = PBXFileReference; lastKnownFileType = sourcecode.swift; path = AppDelegate.swift; sourceTree = "<group>"; };
		FB433273201F98C600FAD4B0 /* ViewController.swift */ = {isa = PBXFileReference; lastKnownFileType = sourcecode.swift; path = ViewController.swift; sourceTree = "<group>"; };
		FB433276201F98C600FAD4B0 /* Base */ = {isa = PBXFileReference; lastKnownFileType = file.storyboard; name = Base; path = Base.lproj/Main.storyboard; sourceTree = "<group>"; };
		FB433278201F98C600FAD4B0 /* Assets.xcassets */ = {isa = PBXFileReference; lastKnownFileType = folder.assetcatalog; path = Assets.xcassets; sourceTree = "<group>"; };
		FB43327B201F98C600FAD4B0 /* Base */ = {isa = PBXFileReference; lastKnownFileType = file.storyboard; name = Base; path = Base.lproj/LaunchScreen.storyboard; sourceTree = "<group>"; };
		FB43327D201F98C600FAD4B0 /* Info.plist */ = {isa = PBXFileReference; lastKnownFileType = text.plist.xml; path = Info.plist; sourceTree = "<group>"; };
		FB433283201F9C4000FAD4B0 /* ViewControllerEsfera.swift */ = {isa = PBXFileReference; lastKnownFileType = sourcecode.swift; path = ViewControllerEsfera.swift; sourceTree = "<group>"; };
		FB433285201F9C4C00FAD4B0 /* ViewControllerPrisma.swift */ = {isa = PBXFileReference; lastKnownFileType = sourcecode.swift; path = ViewControllerPrisma.swift; sourceTree = "<group>"; };
/* End PBXFileReference section */

/* Begin PBXFrameworksBuildPhase section */
		FB43326B201F98C600FAD4B0 /* Frameworks */ = {
			isa = PBXFrameworksBuildPhase;
			buildActionMask = 2147483647;
			files = (
			);
			runOnlyForDeploymentPostprocessing = 0;
		};
/* End PBXFrameworksBuildPhase section */

/* Begin PBXGroup section */
		FB433265201F98C600FAD4B0 = {
			isa = PBXGroup;
			children = (
				FB433270201F98C600FAD4B0 /* CuerposGeométricos */,
				FB43326F201F98C600FAD4B0 /* Products */,
			);
			sourceTree = "<group>";
		};
		FB43326F201F98C600FAD4B0 /* Products */ = {
			isa = PBXGroup;
			children = (
				FB43326E201F98C600FAD4B0 /* CuerposGeométricos.app */,
			);
			name = Products;
			sourceTree = "<group>";
		};
		FB433270201F98C600FAD4B0 /* CuerposGeométricos */ = {
			isa = PBXGroup;
			children = (
				FB433271201F98C600FAD4B0 /* AppDelegate.swift */,
				FB433273201F98C600FAD4B0 /* ViewController.swift */,
				FB433275201F98C600FAD4B0 /* Main.storyboard */,
				FB433283201F9C4000FAD4B0 /* ViewControllerEsfera.swift */,
				FB433285201F9C4C00FAD4B0 /* ViewControllerPrisma.swift */,
				FB433278201F98C600FAD4B0 /* Assets.xcassets */,
				FB43327A201F98C600FAD4B0 /* LaunchScreen.storyboard */,
				FB43327D201F98C600FAD4B0 /* Info.plist */,
			);
			path = "CuerposGeométricos";
			sourceTree = "<group>";
		};
/* End PBXGroup section */

/* Begin PBXNativeTarget section */
		FB43326D201F98C600FAD4B0 /* CuerposGeométricos */ = {
			isa = PBXNativeTarget;
			buildConfigurationList = FB433280201F98C600FAD4B0 /* Build configuration list for PBXNativeTarget "CuerposGeométricos" */;
			buildPhases = (
				FB43326A201F98C600FAD4B0 /* Sources */,
				FB43326B201F98C600FAD4B0 /* Frameworks */,
				FB43326C201F98C600FAD4B0 /* Resources */,
			);
			buildRules = (
			);
			dependencies = (
			);
			name = "CuerposGeométricos";
			productName = "CuerposGeométricos";
			productReference = FB43326E201F98C600FAD4B0 /* CuerposGeométricos.app */;
			productType = "com.apple.product-type.application";
		};
/* End PBXNativeTarget section */

/* Begin PBXProject section */
		FB433266201F98C600FAD4B0 /* Project object */ = {
			isa = PBXProject;
			attributes = {
				LastSwiftUpdateCheck = 0920;
				LastUpgradeCheck = 0920;
				ORGANIZATIONNAME = Tec;
				TargetAttributes = {
					FB43326D201F98C600FAD4B0 = {
						CreatedOnToolsVersion = 9.2;
						ProvisioningStyle = Automatic;
					};
				};
			};
			buildConfigurationList = FB433269201F98C600FAD4B0 /* Build configuration list for PBXProject "CuerposGeométricos" */;
			compatibilityVersion = "Xcode 8.0";
			developmentRegion = en;
			hasScannedForEncodings = 0;
			knownRegions = (
				en,
				Base,
			);
			mainGroup = FB433265201F98C600FAD4B0;
			productRefGroup = FB43326F201F98C600FAD4B0 /* Products */;
			projectDirPath = "";
			projectRoot = "";
			targets = (
				FB43326D201F98C600FAD4B0 /* CuerposGeométricos */,
			);
		};
/* End PBXProject section */

/* Begin PBXResourcesBuildPhase section */
		FB43326C201F98C600FAD4B0 /* Resources */ = {
			isa = PBXResourcesBuildPhase;
			buildActionMask = 2147483647;
			files = (
				FB43327C201F98C600FAD4B0 /* LaunchScreen.storyboard in Resources */,
				FB433279201F98C600FAD4B0 /* Assets.xcassets in Resources */,
				FB433277201F98C600FAD4B0 /* Main.storyboard in Resources */,
			);
			runOnlyForDeploymentPostprocessing = 0;
		};
/* End PBXResourcesBuildPhase section */

/* Begin PBXSourcesBuildPhase section */
		FB43326A201F98C600FAD4B0 /* Sources */ = {
			isa = PBXSourcesBuildPhase;
			buildActionMask = 2147483647;
			files = (
				FB433286201F9C4C00FAD4B0 /* ViewControllerPrisma.swift in Sources */,
				FB433284201F9C4000FAD4B0 /* ViewControllerEsfera.swift in Sources */,
				FB433274201F98C600FAD4B0 /* ViewController.swift in Sources */,
				FB433272201F98C600FAD4B0 /* AppDelegate.swift in Sources */,
			);
			runOnlyForDeploymentPostprocessing = 0;
		};
/* End PBXSourcesBuildPhase section */

/* Begin PBXVariantGroup section */
		FB433275201F98C600FAD4B0 /* Main.storyboard */ = {
			isa = PBXVariantGroup;
			children = (
				FB433276201F98C600FAD4B0 /* Base */,
			);
			name = Main.storyboard;
			sourceTree = "<group>";
		};
		FB43327A201F98C600FAD4B0 /* LaunchScreen.storyboard */ = {
			isa = PBXVariantGroup;
			children = (
				FB43327B201F98C600FAD4B0 /* Base */,
			);
			name = LaunchScreen.storyboard;
			sourceTree = "<group>";
		};
/* End PBXVariantGroup section */

/* Begin XCBuildConfiguration section */
		FB43327E201F98C600FAD4B0 /* Debug */ = {
			isa = XCBuildConfiguration;
			buildSettings = {
				ALWAYS_SEARCH_USER_PATHS = NO;
				CLANG_ANALYZER_NONNULL = YES;
				CLANG_ANALYZER_NUMBER_OBJECT_CONVERSION = YES_AGGRESSIVE;
				CLANG_CXX_LANGUAGE_STANDARD = "gnu++14";
				CLANG_CXX_LIBRARY = "libc++";
				CLANG_ENABLE_MODULES = YES;
				CLANG_ENABLE_OBJC_ARC = YES;
				CLANG_WARN_BLOCK_CAPTURE_AUTORELEASING = YES;
				CLANG_WARN_BOOL_CONVERSION = YES;
				CLANG_WARN_COMMA = YES;
				CLANG_WARN_CONSTANT_CONVERSION = YES;
				CLANG_WARN_DIRECT_OBJC_ISA_USAGE = YES_ERROR;
				CLANG_WARN_DOCUMENTATION_COMMENTS = YES;
				CLANG_WARN_EMPTY_BODY = YES;
				CLANG_WARN_ENUM_CONVERSION = YES;
				CLANG_WARN_INFINITE_RECURSION = YES;
				CLANG_WARN_INT_CONVERSION = YES;
				CLANG_WARN_NON_LITERAL_NULL_CONVERSION = YES;
				CLANG_WARN_OBJC_LITERAL_CONVERSION = YES;
				CLANG_WARN_OBJC_ROOT_CLASS = YES_ERROR;
				CLANG_WARN_RANGE_LOOP_ANALYSIS = YES;
				CLANG_WARN_STRICT_PROTOTYPES = YES;
				CLANG_WARN_SUSPICIOUS_MOVE = YES;
				CLANG_WARN_UNGUARDED_AVAILABILITY = YES_AGGRESSIVE;
				CLANG_WARN_UNREACHABLE_CODE = YES;
				CLANG_WARN__DUPLICATE_METHOD_MATCH = YES;
				CODE_SIGN_IDENTITY = "iPhone Developer";
				COPY_PHASE_STRIP = NO;
				DEBUG_INFORMATION_FORMAT = dwarf;
				ENABLE_STRICT_OBJC_MSGSEND = YES;
				ENABLE_TESTABILITY = YES;
				GCC_C_LANGUAGE_STANDARD = gnu11;
				GCC_DYNAMIC_NO_PIC = NO;
				GCC_NO_COMMON_BLOCKS = YES;
				GCC_OPTIMIZATION_LEVEL = 0;
				GCC_PREPROCESSOR_DEFINITIONS = (
					"DEBUG=1",
					"$(inherited)",
				);
				GCC_WARN_64_TO_32_BIT_CONVERSION = YES;
				GCC_WARN_ABOUT_RETURN_TYPE = YES_ERROR;
				GCC_WARN_UNDECLARED_SELECTOR = YES;
				GCC_WARN_UNINITIALIZED_AUTOS = YES_AGGRESSIVE;
				GCC_WARN_UNUSED_FUNCTION = YES;
				GCC_WARN_UNUSED_VARIABLE = YES;
				IPHONEOS_DEPLOYMENT_TARGET = 11.2;
				MTL_ENABLE_DEBUG_INFO = YES;
				ONLY_ACTIVE_ARCH = YES;
				SDKROOT = iphoneos;
				SWIFT_ACTIVE_COMPILATION_CONDITIONS = DEBUG;
				SWIFT_OPTIMIZATION_LEVEL = "-Onone";
			};
			name = Debug;
		};
		FB43327F201F98C600FAD4B0 /* Release */ = {
			isa = XCBuildConfiguration;
			buildSettings = {
				ALWAYS_SEARCH_USER_PATHS = NO;
				CLANG_ANALYZER_NONNULL = YES;
				CLANG_ANALYZER_NUMBER_OBJECT_CONVERSION = YES_AGGRESSIVE;
				CLANG_CXX_LANGUAGE_STANDARD = "gnu++14";
				CLANG_CXX_LIBRARY = "libc++";
				CLANG_ENABLE_MODULES = YES;
				CLANG_ENABLE_OBJC_ARC = YES;
				CLANG_WARN_BLOCK_CAPTURE_AUTORELEASING = YES;
				CLANG_WARN_BOOL_CONVERSION = YES;
				CLANG_WARN_COMMA = YES;
				CLANG_WARN_CONSTANT_CONVERSION = YES;
				CLANG_WARN_DIRECT_OBJC_ISA_USAGE = YES_ERROR;
				CLANG_WARN_DOCUMENTATION_COMMENTS = YES;
				CLANG_WARN_EMPTY_BODY = YES;
				CLANG_WARN_ENUM_CONVERSION = YES;
				CLANG_WARN_INFINITE_RECURSION = YES;
				CLANG_WARN_INT_CONVERSION = YES;
				CLANG_WARN_NON_LITERAL_NULL_CONVERSION = YES;
				CLANG_WARN_OBJC_LITERAL_CONVERSION = YES;
				CLANG_WARN_OBJC_ROOT_CLASS = YES_ERROR;
				CLANG_WARN_RANGE_LOOP_ANALYSIS = YES;
				CLANG_WARN_STRICT_PROTOTYPES = YES;
				CLANG_WARN_SUSPICIOUS_MOVE = YES;
				CLANG_WARN_UNGUARDED_AVAILABILITY = YES_AGGRESSIVE;
				CLANG_WARN_UNREACHABLE_CODE = YES;
				CLANG_WARN__DUPLICATE_METHOD_MATCH = YES;
				CODE_SIGN_IDENTITY = "iPhone Developer";
				COPY_PHASE_STRIP = NO;
				DEBUG_INFORMATION_FORMAT = "dwarf-with-dsym";
				ENABLE_NS_ASSERTIONS = NO;
				ENABLE_STRICT_OBJC_MSGSEND = YES;
				GCC_C_LANGUAGE_STANDARD = gnu11;
				GCC_NO_COMMON_BLOCKS = YES;
				GCC_WARN_64_TO_32_BIT_CONVERSION = YES;
				GCC_WARN_ABOUT_RETURN_TYPE = YES_ERROR;
				GCC_WARN_UNDECLARED_SELECTOR = YES;
				GCC_WARN_UNINITIALIZED_AUTOS = YES_AGGRESSIVE;
				GCC_WARN_UNUSED_FUNCTION = YES;
				GCC_WARN_UNUSED_VARIABLE = YES;
				IPHONEOS_DEPLOYMENT_TARGET = 11.2;
				MTL_ENABLE_DEBUG_INFO = NO;
				SDKROOT = iphoneos;
				SWIFT_OPTIMIZATION_LEVEL = "-Owholemodule";
				VALIDATE_PRODUCT = YES;
			};
			name = Release;
		};
		FB433281201F98C600FAD4B0 /* Debug */ = {
			isa = XCBuildConfiguration;
			buildSettings = {
				ASSETCATALOG_COMPILER_APPICON_NAME = AppIcon;
				CODE_SIGN_STYLE = Automatic;
				INFOPLIST_FILE = "CuerposGeométricos/Info.plist";
				LD_RUNPATH_SEARCH_PATHS = "$(inherited) @executable_path/Frameworks";
				PRODUCT_BUNDLE_IDENTIFIER = "mx.itesm.CuerposGeome-tricos";
				PRODUCT_NAME = "$(TARGET_NAME)";
				SWIFT_VERSION = 4.0;
				TARGETED_DEVICE_FAMILY = "1,2";
			};
			name = Debug;
		};
		FB433282201F98C600FAD4B0 /* Release */ = {
			isa = XCBuildConfiguration;
			buildSettings = {
				ASSETCATALOG_COMPILER_APPICON_NAME = AppIcon;
				CODE_SIGN_STYLE = Automatic;
				INFOPLIST_FILE = "CuerposGeométricos/Info.plist";
				LD_RUNPATH_SEARCH_PATHS = "$(inherited) @executable_path/Frameworks";
				PRODUCT_BUNDLE_IDENTIFIER = "mx.itesm.CuerposGeome-tricos";
				PRODUCT_NAME = "$(TARGET_NAME)";
				SWIFT_VERSION = 4.0;
				TARGETED_DEVICE_FAMILY = "1,2";
			};
			name = Release;
		};
/* End XCBuildConfiguration section */

/* Begin XCConfigurationList section */
		FB433269201F98C600FAD4B0 /* Build configuration list for PBXProject "CuerposGeométricos" */ = {
			isa = XCConfigurationList;
			buildConfigurations = (
				FB43327E201F98C600FAD4B0 /* Debug */,
				FB43327F201F98C600FAD4B0 /* Release */,
			);
			defaultConfigurationIsVisible = 0;
			defaultConfigurationName = Release;
		};
		FB433280201F98C600FAD4B0 /* Build configuration list for PBXNativeTarget "CuerposGeométricos" */ = {
			isa = XCConfigurationList;
			buildConfigurations = (
				FB433281201F98C600FAD4B0 /* Debug */,
				FB433282201F98C600FAD4B0 /* Release */,
			);
			defaultConfigurationIsVisible = 0;
			defaultConfigurationName = Release;
		};
/* End XCConfigurationList section */
	};
	rootObject = FB433266201F98C600FAD4B0 /* Project object */;
}
